
Microsoft Visual Studio Solution File, Format Version 12.00
# Visual Studio Version 16
VisualStudioVersion = 16.0.30114.105
MinimumVisualStudioVersion = 10.0.40219.1
Project("{FAE04EC0-301F-11D3-BF4B-00C04F79EFBC}") = "projekuppgift 2", "projekuppgift 2\projekuppgift 2.csproj", "{7E00F3E1-28B6-46B7-A5D8-97702FE9D252}"
EndProject
Global
	GlobalSection(SolutionConfigurationPlatforms) = preSolution
		Debug|Any CPU = Debug|Any CPU
		Release|Any CPU = Release|Any CPU
	EndGlobalSection
	GlobalSection(ProjectConfigurationPlatforms) = postSolution
		{7E00F3E1-28B6-46B7-A5D8-97702FE9D252}.Debug|Any CPU.ActiveCfg = Debug|Any CPU
		{7E00F3E1-28B6-46B7-A5D8-97702FE9D252}.Debug|Any CPU.Build.0 = Debug|Any CPU
		{7E00F3E1-28B6-46B7-A5D8-97702FE9D252}.Release|Any CPU.ActiveCfg = Release|Any CPU
		{7E00F3E1-28B6-46B7-A5D8-97702FE9D252}.Release|Any CPU.Build.0 = Release|Any CPU
	EndGlobalSection
	GlobalSection(SolutionProperties) = preSolution
		HideSolutionNode = FALSE
	EndGlobalSection
	GlobalSection(ExtensibilityGlobals) = postSolution
		SolutionGuid = {5349357A-351E-4E8B-8B04-FD34EEE599B7}
	EndGlobalSection
EndGlobal
